// !$*UTF8*$!
{
	archiveVersion = 1;
	classes = {
	};
	objectVersion = 46;
	objects = {

/* Begin PBXBuildFile section */
		161B1FAC1B4B3F470078FE96 /* ColorPaletteButton.swift in Sources */ = {isa = PBXBuildFile; fileRef = 161B1FAB1B4B3F470078FE96 /* ColorPaletteButton.swift */; };
		163551E31B4B084C0026D330 /* AppDelegate.swift in Sources */ = {isa = PBXBuildFile; fileRef = 163551E21B4B084C0026D330 /* AppDelegate.swift */; };
		163551E51B4B084C0026D330 /* ViewController.swift in Sources */ = {isa = PBXBuildFile; fileRef = 163551E41B4B084C0026D330 /* ViewController.swift */; };
		163551E81B4B084C0026D330 /* Main.storyboard in Resources */ = {isa = PBXBuildFile; fileRef = 163551E61B4B084C0026D330 /* Main.storyboard */; };
		163551EA1B4B084C0026D330 /* Assets.xcassets in Resources */ = {isa = PBXBuildFile; fileRef = 163551E91B4B084C0026D330 /* Assets.xcassets */; };
		163551ED1B4B084C0026D330 /* LaunchScreen.storyboard in Resources */ = {isa = PBXBuildFile; fileRef = 163551EB1B4B084C0026D330 /* LaunchScreen.storyboard */; };
		163551F81B4B084C0026D330 /* OpenSketchTests.swift in Sources */ = {isa = PBXBuildFile; fileRef = 163551F71B4B084C0026D330 /* OpenSketchTests.swift */; };
		163552031B4B084C0026D330 /* OpenSketchUITests.swift in Sources */ = {isa = PBXBuildFile; fileRef = 163552021B4B084C0026D330 /* OpenSketchUITests.swift */; };
		16E0EA641B4B903500F078A8 /* SwiftyLine.swift in Sources */ = {isa = PBXBuildFile; fileRef = 16E0EA631B4B903500F078A8 /* SwiftyLine.swift */; };
/* End PBXBuildFile section */

/* Begin PBXContainerItemProxy section */
		163551F41B4B084C0026D330 /* PBXContainerItemProxy */ = {
			isa = PBXContainerItemProxy;
			containerPortal = 163551D71B4B084C0026D330 /* Project object */;
			proxyType = 1;
			remoteGlobalIDString = 163551DE1B4B084C0026D330;
			remoteInfo = OpenSketch;
		};
		163551FF1B4B084C0026D330 /* PBXContainerItemProxy */ = {
			isa = PBXContainerItemProxy;
			containerPortal = 163551D71B4B084C0026D330 /* Project object */;
			proxyType = 1;
			remoteGlobalIDString = 163551DE1B4B084C0026D330;
			remoteInfo = OpenSketch;
		};
/* End PBXContainerItemProxy section */

/* Begin PBXFileReference section */
		161B1FAB1B4B3F470078FE96 /* ColorPaletteButton.swift */ = {isa = PBXFileReference; fileEncoding = 4; lastKnownFileType = sourcecode.swift; path = ColorPaletteButton.swift; sourceTree = "<group>"; };
		163551DF1B4B084C0026D330 /* OpenSketch.app */ = {isa = PBXFileReference; explicitFileType = wrapper.application; includeInIndex = 0; path = OpenSketch.app; sourceTree = BUILT_PRODUCTS_DIR; };
		163551E21B4B084C0026D330 /* AppDelegate.swift */ = {isa = PBXFileReference; lastKnownFileType = sourcecode.swift; path = AppDelegate.swift; sourceTree = "<group>"; };
		163551E41B4B084C0026D330 /* ViewController.swift */ = {isa = PBXFileReference; lastKnownFileType = sourcecode.swift; path = ViewController.swift; sourceTree = "<group>"; };
		163551E71B4B084C0026D330 /* Base */ = {isa = PBXFileReference; lastKnownFileType = file.storyboard; name = Base; path = Base.lproj/Main.storyboard; sourceTree = "<group>"; };
		163551E91B4B084C0026D330 /* Assets.xcassets */ = {isa = PBXFileReference; lastKnownFileType = folder.assetcatalog; path = Assets.xcassets; sourceTree = "<group>"; };
		163551EC1B4B084C0026D330 /* Base */ = {isa = PBXFileReference; lastKnownFileType = file.storyboard; name = Base; path = Base.lproj/LaunchScreen.storyboard; sourceTree = "<group>"; };
		163551EE1B4B084C0026D330 /* Info.plist */ = {isa = PBXFileReference; lastKnownFileType = text.plist.xml; path = Info.plist; sourceTree = "<group>"; };
		163551F31B4B084C0026D330 /* OpenSketchTests.xctest */ = {isa = PBXFileReference; explicitFileType = wrapper.cfbundle; includeInIndex = 0; path = OpenSketchTests.xctest; sourceTree = BUILT_PRODUCTS_DIR; };
		163551F71B4B084C0026D330 /* OpenSketchTests.swift */ = {isa = PBXFileReference; lastKnownFileType = sourcecode.swift; path = OpenSketchTests.swift; sourceTree = "<group>"; };
		163551F91B4B084C0026D330 /* Info.plist */ = {isa = PBXFileReference; lastKnownFileType = text.plist.xml; path = Info.plist; sourceTree = "<group>"; };
		163551FE1B4B084C0026D330 /* OpenSketchUITests.xctest */ = {isa = PBXFileReference; explicitFileType = wrapper.cfbundle; includeInIndex = 0; path = OpenSketchUITests.xctest; sourceTree = BUILT_PRODUCTS_DIR; };
		163552021B4B084C0026D330 /* OpenSketchUITests.swift */ = {isa = PBXFileReference; lastKnownFileType = sourcecode.swift; path = OpenSketchUITests.swift; sourceTree = "<group>"; };
		163552041B4B084C0026D330 /* Info.plist */ = {isa = PBXFileReference; lastKnownFileType = text.plist.xml; path = Info.plist; sourceTree = "<group>"; };
		16E0EA631B4B903500F078A8 /* SwiftyLine.swift */ = {isa = PBXFileReference; fileEncoding = 4; lastKnownFileType = sourcecode.swift; path = SwiftyLine.swift; sourceTree = "<group>"; };
/* End PBXFileReference section */

/* Begin PBXFrameworksBuildPhase section */
		163551DC1B4B084C0026D330 /* Frameworks */ = {
			isa = PBXFrameworksBuildPhase;
			buildActionMask = 2147483647;
			files = (
			);
			runOnlyForDeploymentPostprocessing = 0;
		};
		163551F01B4B084C0026D330 /* Frameworks */ = {
			isa = PBXFrameworksBuildPhase;
			buildActionMask = 2147483647;
			files = (
			);
			runOnlyForDeploymentPostprocessing = 0;
		};
		163551FB1B4B084C0026D330 /* Frameworks */ = {
			isa = PBXFrameworksBuildPhase;
			buildActionMask = 2147483647;
			files = (
			);
			runOnlyForDeploymentPostprocessing = 0;
		};
/* End PBXFrameworksBuildPhase section */

/* Begin PBXGroup section */
		163551D61B4B084C0026D330 = {
			isa = PBXGroup;
			children = (
				163551E11B4B084C0026D330 /* OpenSketch */,
				163551F61B4B084C0026D330 /* OpenSketchTests */,
				163552011B4B084C0026D330 /* OpenSketchUITests */,
				163551E01B4B084C0026D330 /* Products */,
			);
			sourceTree = "<group>";
		};
		163551E01B4B084C0026D330 /* Products */ = {
			isa = PBXGroup;
			children = (
				163551DF1B4B084C0026D330 /* OpenSketch.app */,
				163551F31B4B084C0026D330 /* OpenSketchTests.xctest */,
				163551FE1B4B084C0026D330 /* OpenSketchUITests.xctest */,
			);
			name = Products;
			sourceTree = "<group>";
		};
		163551E11B4B084C0026D330 /* OpenSketch */ = {
			isa = PBXGroup;
			children = (
				163551E21B4B084C0026D330 /* AppDelegate.swift */,
				163551E41B4B084C0026D330 /* ViewController.swift */,
				16E0EA631B4B903500F078A8 /* SwiftyLine.swift */,
				161B1FAB1B4B3F470078FE96 /* ColorPaletteButton.swift */,
				163551E61B4B084C0026D330 /* Main.storyboard */,
				163551E91B4B084C0026D330 /* Assets.xcassets */,
				163551EB1B4B084C0026D330 /* LaunchScreen.storyboard */,
				163551EE1B4B084C0026D330 /* Info.plist */,
			);
			path = OpenSketch;
			sourceTree = "<group>";
		};
		163551F61B4B084C0026D330 /* OpenSketchTests */ = {
			isa = PBXGroup;
			children = (
				163551F71B4B084C0026D330 /* OpenSketchTests.swift */,
				163551F91B4B084C0026D330 /* Info.plist */,
			);
			path = OpenSketchTests;
			sourceTree = "<group>";
		};
		163552011B4B084C0026D330 /* OpenSketchUITests */ = {
			isa = PBXGroup;
			children = (
				163552021B4B084C0026D330 /* OpenSketchUITests.swift */,
				163552041B4B084C0026D330 /* Info.plist */,
			);
			path = OpenSketchUITests;
			sourceTree = "<group>";
		};
/* End PBXGroup section */

/* Begin PBXNativeTarget section */
		163551DE1B4B084C0026D330 /* OpenSketch */ = {
			isa = PBXNativeTarget;
			buildConfigurationList = 163552071B4B084C0026D330 /* Build configuration list for PBXNativeTarget "OpenSketch" */;
			buildPhases = (
				163551DB1B4B084C0026D330 /* Sources */,
				163551DC1B4B084C0026D330 /* Frameworks */,
				163551DD1B4B084C0026D330 /* Resources */,
			);
			buildRules = (
			);
			dependencies = (
			);
			name = OpenSketch;
			productName = OpenSketch;
			productReference = 163551DF1B4B084C0026D330 /* OpenSketch.app */;
			productType = "com.apple.product-type.application";
		};
		163551F21B4B084C0026D330 /* OpenSketchTests */ = {
			isa = PBXNativeTarget;
			buildConfigurationList = 1635520A1B4B084C0026D330 /* Build configuration list for PBXNativeTarget "OpenSketchTests" */;
			buildPhases = (
				163551EF1B4B084C0026D330 /* Sources */,
				163551F01B4B084C0026D330 /* Frameworks */,
				163551F11B4B084C0026D330 /* Resources */,
			);
			buildRules = (
			);
			dependencies = (
				163551F51B4B084C0026D330 /* PBXTargetDependency */,
			);
			name = OpenSketchTests;
			productName = OpenSketchTests;
			productReference = 163551F31B4B084C0026D330 /* OpenSketchTests.xctest */;
			productType = "com.apple.product-type.bundle.unit-test";
		};
		163551FD1B4B084C0026D330 /* OpenSketchUITests */ = {
			isa = PBXNativeTarget;
			buildConfigurationList = 1635520D1B4B084C0026D330 /* Build configuration list for PBXNativeTarget "OpenSketchUITests" */;
			buildPhases = (
				163551FA1B4B084C0026D330 /* Sources */,
				163551FB1B4B084C0026D330 /* Frameworks */,
				163551FC1B4B084C0026D330 /* Resources */,
			);
			buildRules = (
			);
			dependencies = (
				163552001B4B084C0026D330 /* PBXTargetDependency */,
			);
			name = OpenSketchUITests;
			productName = OpenSketchUITests;
			productReference = 163551FE1B4B084C0026D330 /* OpenSketchUITests.xctest */;
			productType = "com.apple.product-type.bundle.ui-testing";
		};
/* End PBXNativeTarget section */

/* Begin PBXProject section */
		163551D71B4B084C0026D330 /* Project object */ = {
			isa = PBXProject;
			attributes = {
				LastSwiftUpdateCheck = 0700;
				LastUpgradeCheck = 0720;
				ORGANIZATIONNAME = "Cashew Studio";
				TargetAttributes = {
					163551DE1B4B084C0026D330 = {
						CreatedOnToolsVersion = 7.0;
						DevelopmentTeam = DGV5BLXSF9;
					};
					163551F21B4B084C0026D330 = {
						CreatedOnToolsVersion = 7.0;
						TestTargetID = 163551DE1B4B084C0026D330;
					};
					163551FD1B4B084C0026D330 = {
						CreatedOnToolsVersion = 7.0;
						TestTargetID = 163551DE1B4B084C0026D330;
					};
				};
			};
			buildConfigurationList = 163551DA1B4B084C0026D330 /* Build configuration list for PBXProject "OpenSketch" */;
			compatibilityVersion = "Xcode 3.2";
			developmentRegion = English;
			hasScannedForEncodings = 0;
			knownRegions = (
				en,
				Base,
			);
			mainGroup = 163551D61B4B084C0026D330;
			productRefGroup = 163551E01B4B084C0026D330 /* Products */;
			projectDirPath = "";
			projectRoot = "";
			targets = (
				163551DE1B4B084C0026D330 /* OpenSketch */,
				163551F21B4B084C0026D330 /* OpenSketchTests */,
				163551FD1B4B084C0026D330 /* OpenSketchUITests */,
			);
		};
/* End PBXProject section */

/* Begin PBXResourcesBuildPhase section */
		163551DD1B4B084C0026D330 /* Resources */ = {
			isa = PBXResourcesBuildPhase;
			buildActionMask = 2147483647;
			files = (
				163551ED1B4B084C0026D330 /* LaunchScreen.storyboard in Resources */,
				163551EA1B4B084C0026D330 /* Assets.xcassets in Resources */,
				163551E81B4B084C0026D330 /* Main.storyboard in Resources */,
			);
			runOnlyForDeploymentPostprocessing = 0;
		};
		163551F11B4B084C0026D330 /* Resources */ = {
			isa = PBXResourcesBuildPhase;
			buildActionMask = 2147483647;
			files = (
			);
			runOnlyForDeploymentPostprocessing = 0;
		};
		163551FC1B4B084C0026D330 /* Resources */ = {
			isa = PBXResourcesBuildPhase;
			buildActionMask = 2147483647;
			files = (
			);
			runOnlyForDeploymentPostprocessing = 0;
		};
/* End PBXResourcesBuildPhase section */

/* Begin PBXSourcesBuildPhase section */
		163551DB1B4B084C0026D330 /* Sources */ = {
			isa = PBXSourcesBuildPhase;
			buildActionMask = 2147483647;
			files = (
				16E0EA641B4B903500F078A8 /* SwiftyLine.swift in Sources */,
				163551E51B4B084C0026D330 /* ViewController.swift in Sources */,
				163551E31B4B084C0026D330 /* AppDelegate.swift in Sources */,
				161B1FAC1B4B3F470078FE96 /* ColorPaletteButton.swift in Sources */,
			);
			runOnlyForDeploymentPostprocessing = 0;
		};
		163551EF1B4B084C0026D330 /* Sources */ = {
			isa = PBXSourcesBuildPhase;
			buildActionMask = 2147483647;
			files = (
				163551F81B4B084C0026D330 /* OpenSketchTests.swift in Sources */,
			);
			runOnlyForDeploymentPostprocessing = 0;
		};
		163551FA1B4B084C0026D330 /* Sources */ = {
			isa = PBXSourcesBuildPhase;
			buildActionMask = 2147483647;
			files = (
				163552031B4B084C0026D330 /* OpenSketchUITests.swift in Sources */,
			);
			runOnlyForDeploymentPostprocessing = 0;
		};
/* End PBXSourcesBuildPhase section */

/* Begin PBXTargetDependency section */
		163551F51B4B084C0026D330 /* PBXTargetDependency */ = {
			isa = PBXTargetDependency;
			target = 163551DE1B4B084C0026D330 /* OpenSketch */;
			targetProxy = 163551F41B4B084C0026D330 /* PBXContainerItemProxy */;
		};
		163552001B4B084C0026D330 /* PBXTargetDependency */ = {
			isa = PBXTargetDependency;
			target = 163551DE1B4B084C0026D330 /* OpenSketch */;
			targetProxy = 163551FF1B4B084C0026D330 /* PBXContainerItemProxy */;
		};
/* End PBXTargetDependency section */

/* Begin PBXVariantGroup section */
		163551E61B4B084C0026D330 /* Main.storyboard */ = {
			isa = PBXVariantGroup;
			children = (
				163551E71B4B084C0026D330 /* Base */,
			);
			name = Main.storyboard;
			sourceTree = "<group>";
		};
		163551EB1B4B084C0026D330 /* LaunchScreen.storyboard */ = {
			isa = PBXVariantGroup;
			children = (
				163551EC1B4B084C0026D330 /* Base */,
			);
			name = LaunchScreen.storyboard;
			sourceTree = "<group>";
		};
/* End PBXVariantGroup section */

/* Begin XCBuildConfiguration section */
		163552051B4B084C0026D330 /* Debug */ = {
			isa = XCBuildConfiguration;
			buildSettings = {
				ALWAYS_SEARCH_USER_PATHS = NO;
				CLANG_CXX_LANGUAGE_STANDARD = "gnu++0x";
				CLANG_CXX_LIBRARY = "libc++";
				CLANG_ENABLE_MODULES = YES;
				CLANG_ENABLE_OBJC_ARC = YES;
				CLANG_WARN_BOOL_CONVERSION = YES;
				CLANG_WARN_CONSTANT_CONVERSION = YES;
				CLANG_WARN_DIRECT_OBJC_ISA_USAGE = YES_ERROR;
				CLANG_WARN_EMPTY_BODY = YES;
				CLANG_WARN_ENUM_CONVERSION = YES;
				CLANG_WARN_INT_CONVERSION = YES;
				CLANG_WARN_OBJC_ROOT_CLASS = YES_ERROR;
				CLANG_WARN_UNREACHABLE_CODE = YES;
				CLANG_WARN__DUPLICATE_METHOD_MATCH = YES;
				"CODE_SIGN_IDENTITY[sdk=iphoneos*]" = "iPhone Developer";
				COPY_PHASE_STRIP = NO;
				DEBUG_INFORMATION_FORMAT = dwarf;
				ENABLE_STRICT_OBJC_MSGSEND = YES;
				ENABLE_TESTABILITY = YES;
				GCC_C_LANGUAGE_STANDARD = gnu99;
				GCC_DYNAMIC_NO_PIC = NO;
				GCC_NO_COMMON_BLOCKS = YES;
				GCC_OPTIMIZATION_LEVEL = 0;
				GCC_PREPROCESSOR_DEFINITIONS = (
					"DEBUG=1",
					"$(inherited)",
				);
				GCC_WARN_64_TO_32_BIT_CONVERSION = YES;
				GCC_WARN_ABOUT_RETURN_TYPE = YES_ERROR;
				GCC_WARN_UNDECLARED_SELECTOR = YES;
				GCC_WARN_UNINITIALIZED_AUTOS = YES_AGGRESSIVE;
				GCC_WARN_UNUSED_FUNCTION = YES;
				GCC_WARN_UNUSED_VARIABLE = YES;
				IPHONEOS_DEPLOYMENT_TARGET = 9.0;
				MTL_ENABLE_DEBUG_INFO = YES;
				ONLY_ACTIVE_ARCH = YES;
				SDKROOT = iphoneos;
				SWIFT_OPTIMIZATION_LEVEL = "-Onone";
				TARGETED_DEVICE_FAMILY = 2;
			};
			name = Debug;
		};
		163552061B4B084C0026D330 /* Release */ = {
			isa = XCBuildConfiguration;
			buildSettings = {
				ALWAYS_SEARCH_USER_PATHS = NO;
				CLANG_CXX_LANGUAGE_STANDARD = "gnu++0x";
				CLANG_CXX_LIBRARY = "libc++";
				CLANG_ENABLE_MODULES = YES;
				CLANG_ENABLE_OBJC_ARC = YES;
				CLANG_WARN_BOOL_CONVERSION = YES;
				CLANG_WARN_CONSTANT_CONVERSION = YES;
				CLANG_WARN_DIRECT_OBJC_ISA_USAGE = YES_ERROR;
				CLANG_WARN_EMPTY_BODY = YES;
				CLANG_WARN_ENUM_CONVERSION = YES;
				CLANG_WARN_INT_CONVERSION = YES;
				CLANG_WARN_OBJC_ROOT_CLASS = YES_ERROR;
				CLANG_WARN_UNREACHABLE_CODE = YES;
				CLANG_WARN__DUPLICATE_METHOD_MATCH = YES;
				"CODE_SIGN_IDENTITY[sdk=iphoneos*]" = "iPhone Developer";
				COPY_PHASE_STRIP = NO;
				DEBUG_INFORMATION_FORMAT = "dwarf-with-dsym";
				ENABLE_NS_ASSERTIONS = NO;
				ENABLE_STRICT_OBJC_MSGSEND = YES;
				GCC_C_LANGUAGE_STANDARD = gnu99;
				GCC_NO_COMMON_BLOCKS = YES;
				GCC_WARN_64_TO_32_BIT_CONVERSION = YES;
				GCC_WARN_ABOUT_RETURN_TYPE = YES_ERROR;
				GCC_WARN_UNDECLARED_SELECTOR = YES;
				GCC_WARN_UNINITIALIZED_AUTOS = YES_AGGRESSIVE;
				GCC_WARN_UNUSED_FUNCTION = YES;
				GCC_WARN_UNUSED_VARIABLE = YES;
				IPHONEOS_DEPLOYMENT_TARGET = 9.0;
				MTL_ENABLE_DEBUG_INFO = NO;
				SDKROOT = iphoneos;
				TARGETED_DEVICE_FAMILY = 2;
				VALIDATE_PRODUCT = YES;
			};
			name = Release;
		};
		163552081B4B084C0026D330 /* Debug */ = {
			isa = XCBuildConfiguration;
			buildSettings = {
				ASSETCATALOG_COMPILER_APPICON_NAME = AppIcon;
				CLANG_ENABLE_MODULES = YES;
				CODE_SIGN_IDENTITY = "iPhone Developer";
				"CODE_SIGN_IDENTITY[sdk=iphoneos*]" = "iPhone Developer";
				FRAMEWORK_SEARCH_PATHS = (
					"$(inherited)",
					"$(PROJECT_DIR)/OpenSketch",
					"$(PROJECT_DIR)",
				);
				INFOPLIST_FILE = OpenSketch/Info.plist;
				IPHONEOS_DEPLOYMENT_TARGET = 7.0;
				LD_RUNPATH_SEARCH_PATHS = "$(inherited) @executable_path/Frameworks";
				PRODUCT_BUNDLE_IDENTIFIER = io.bananasplit.OpenSketch;
				PRODUCT_NAME = "$(TARGET_NAME)";
				PROVISIONING_PROFILE = "";
				SDKROOT = iphoneos;
				SWIFT_OPTIMIZATION_LEVEL = "-Onone";
			};
			name = Debug;
		};
		163552091B4B084C0026D330 /* Release */ = {
			isa = XCBuildConfiguration;
			buildSettings = {
				ASSETCATALOG_COMPILER_APPICON_NAME = AppIcon;
				CLANG_ENABLE_MODULES = YES;
				CODE_SIGN_IDENTITY = "iPhone Developer";
				"CODE_SIGN_IDENTITY[sdk=iphoneos*]" = "iPhone Developer";
				FRAMEWORK_SEARCH_PATHS = (
					"$(inherited)",
					"$(PROJECT_DIR)/OpenSketch",
					"$(PROJECT_DIR)",
				);
				INFOPLIST_FILE = OpenSketch/Info.plist;
				IPHONEOS_DEPLOYMENT_TARGET = 7.0;
				LD_RUNPATH_SEARCH_PATHS = "$(inherited) @executable_path/Frameworks";
				PRODUCT_BUNDLE_IDENTIFIER = io.bananasplit.OpenSketch;
				PRODUCT_NAME = "$(TARGET_NAME)";
				PROVISIONING_PROFILE = "";
				SDKROOT = iphoneos;
			};
			name = Release;
		};
		1635520B1B4B084C0026D330 /* Debug */ = {
			isa = XCBuildConfiguration;
			buildSettings = {
				BUNDLE_LOADER = "$(TEST_HOST)";
				INFOPLIST_FILE = OpenSketchTests/Info.plist;
				LD_RUNPATH_SEARCH_PATHS = "$(inherited) @executable_path/Frameworks @loader_path/Frameworks";
				PRODUCT_BUNDLE_IDENTIFIER = io.bananasplit.OpenSketchTests;
				PRODUCT_NAME = "$(TARGET_NAME)";
				TEST_HOST = "$(BUILT_PRODUCTS_DIR)/OpenSketch.app/OpenSketch";
			};
			name = Debug;
		};
		1635520C1B4B084C0026D330 /* Release */ = {
			isa = XCBuildConfiguration;
			buildSettings = {
				BUNDLE_LOADER = "$(TEST_HOST)";
				INFOPLIST_FILE = OpenSketchTests/Info.plist;
				LD_RUNPATH_SEARCH_PATHS = "$(inherited) @executable_path/Frameworks @loader_path/Frameworks";
				PRODUCT_BUNDLE_IDENTIFIER = io.bananasplit.OpenSketchTests;
				PRODUCT_NAME = "$(TARGET_NAME)";
				TEST_HOST = "$(BUILT_PRODUCTS_DIR)/OpenSketch.app/OpenSketch";
			};
			name = Release;
		};
		1635520E1B4B084C0026D330 /* Debug */ = {
			isa = XCBuildConfiguration;
			buildSettings = {
				INFOPLIST_FILE = OpenSketchUITests/Info.plist;
				LD_RUNPATH_SEARCH_PATHS = "$(inherited) @executable_path/Frameworks @loader_path/Frameworks";
				PRODUCT_BUNDLE_IDENTIFIER = io.bananasplit.OpenSketchUITests;
				PRODUCT_NAME = "$(TARGET_NAME)";
				TEST_TARGET_NAME = OpenSketch;
				USES_XCTRUNNER = YES;
			};
			name = Debug;
		};
		1635520F1B4B084C0026D330 /* Release */ = {
			isa = XCBuildConfiguration;
			buildSettings = {
				INFOPLIST_FILE = OpenSketchUITests/Info.plist;
				LD_RUNPATH_SEARCH_PATHS = "$(inherited) @executable_path/Frameworks @loader_path/Frameworks";
				PRODUCT_BUNDLE_IDENTIFIER = io.bananasplit.OpenSketchUITests;
				PRODUCT_NAME = "$(TARGET_NAME)";
				TEST_TARGET_NAME = OpenSketch;
				USES_XCTRUNNER = YES;
			};
			name = Release;
		};
/* End XCBuildConfiguration section */

/* Begin XCConfigurationList section */
		163551DA1B4B084C0026D330 /* Build configuration list for PBXProject "OpenSketch" */ = {
			isa = XCConfigurationList;
			buildConfigurations = (
				163552051B4B084C0026D330 /* Debug */,
				163552061B4B084C0026D330 /* Release */,
			);
			defaultConfigurationIsVisible = 0;
			defaultConfigurationName = Release;
		};
		163552071B4B084C0026D330 /* Build configuration list for PBXNativeTarget "OpenSketch" */ = {
			isa = XCConfigurationList;
			buildConfigurations = (
				163552081B4B084C0026D330 /* Debug */,
				163552091B4B084C0026D330 /* Release */,
			);
			defaultConfigurationIsVisible = 0;
			defaultConfigurationName = Release;
		};
		1635520A1B4B084C0026D330 /* Build configuration list for PBXNativeTarget "OpenSketchTests" */ = {
			isa = XCConfigurationList;
			buildConfigurations = (
				1635520B1B4B084C0026D330 /* Debug */,
				1635520C1B4B084C0026D330 /* Release */,
			);
			defaultConfigurationIsVisible = 0;
			defaultConfigurationName = Release;
		};
		1635520D1B4B084C0026D330 /* Build configuration list for PBXNativeTarget "OpenSketchUITests" */ = {
			isa = XCConfigurationList;
			buildConfigurations = (
				1635520E1B4B084C0026D330 /* Debug */,
				1635520F1B4B084C0026D330 /* Release */,
			);
			defaultConfigurationIsVisible = 0;
			defaultConfigurationName = Release;
		};
/* End XCConfigurationList section */
	};
	rootObject = 163551D71B4B084C0026D330 /* Project object */;
}
